{
  "name": "Addianto - tutorial",
  "lockfileVersion": 2,
  "requires": true,
  "packages": {
    "": {
      "dependencies": {
        "guides": "^1.2.9"
      }
    },
    "node_modules/guides": {
      "version": "1.2.9",
      "resolved": "https://registry.npmjs.org/guides/-/guides-1.2.9.tgz",
      "integrity": "sha512-6JKJTdHMVWdZXr1kk050qt7jvgkOfS2DrZIFute4XhQmnveX6Mbs6PBfLmyb0hhG41AKb0JGy2hW609YDXoeKg==",
      "dependencies": {
        "jquery": "~2.1.1"
      }
    },
    "node_modules/jquery": {
      "version": "2.1.4",
      "resolved": "https://registry.npmjs.org/jquery/-/jquery-2.1.4.tgz",
      "integrity": "sha512-wWR+eCq/T/Qt0NcFyM+QVho0ZVzWxFYANijmSMImXiM5mjr1aOaf4SF0eOEPc92bbK2L2vDpxw3lIszus7eO8Q=="
    }
  },
  "dependencies": {
    "guides": {
      "version": "1.2.9",
      "resolved": "https://registry.npmjs.org/guides/-/guides-1.2.9.tgz",
      "integrity": "sha512-6JKJTdHMVWdZXr1kk050qt7jvgkOfS2DrZIFute4XhQmnveX6Mbs6PBfLmyb0hhG41AKb0JGy2hW609YDXoeKg==",
      "requires": {
        "jquery": "~2.1.1"
      }
    },
    "jquery": {
      "version": "2.1.4",
      "resolved": "https://registry.npmjs.org/jquery/-/jquery-2.1.4.tgz",
      "integrity": "sha512-wWR+eCq/T/Qt0NcFyM+QVho0ZVzWxFYANijmSMImXiM5mjr1aOaf4SF0eOEPc92bbK2L2vDpxw3lIszus7eO8Q=="
    }
  }
}
